
Microsoft Visual Studio Solution File, Format Version 12.00
# Visual Studio Version 17
VisualStudioVersion = 17.5.002.0
MinimumVisualStudioVersion = 10.0.40219.1
Project("{2150E333-8FDC-42A3-9474-1A3956D46DE8}") = "csharp-prep", "csharp-prep", "{24CBBFB6-0985-4819-82A8-3212BF5840C6}"
EndProject
Project("{9A19103F-16F7-4668-BE54-9A1E7A4F7556}") = "Prep1", "csharp-prep\Prep1\Prep1.csproj", "{12C288E4-C0D6-4A53-96A1-42AFB79DDDE4}"
EndProject
Project("{9A19103F-16F7-4668-BE54-9A1E7A4F7556}") = "Prep2", "csharp-prep\Prep2\Prep2.csproj", "{6F97DBA1-43F9-4B76-B26A-D4D1B8AEFCF8}"
EndProject
Project("{9A19103F-16F7-4668-BE54-9A1E7A4F7556}") = "Prep3", "csharp-prep\Prep3\Prep3.csproj", "{0F0780F3-0FE1-42EC-9642-E3E01FBFC02E}"
EndProject
Project("{9A19103F-16F7-4668-BE54-9A1E7A4F7556}") = "Prep4", "csharp-prep\Prep4\Prep4.csproj", "{60C1A6D3-389D-4A54-B304-9428BA400CDB}"
EndProject
Project("{9A19103F-16F7-4668-BE54-9A1E7A4F7556}") = "Prep5", "csharp-prep\Prep5\Prep5.csproj", "{A9981200-3B76-40FF-8ACF-1A670D558415}"
EndProject
Project("{2150E333-8FDC-42A3-9474-1A3956D46DE8}") = "final", "final", "{6D32D61F-0747-43D1-9045-053365F4C54E}"
EndProject
Project("{9A19103F-16F7-4668-BE54-9A1E7A4F7556}") = "FinalProject", "final\FinalProject\FinalProject.csproj", "{1AD08736-B8D7-4D25-9613-CC697C4CB958}"
EndProject
Project("{9A19103F-16F7-4668-BE54-9A1E7A4F7556}") = "Foundation1", "final\Foundation1\Foundation1.csproj", "{490FFFBB-B51B-4CCC-BCD2-DA4CD170D76C}"
EndProject
Project("{9A19103F-16F7-4668-BE54-9A1E7A4F7556}") = "Foundation2", "final\Foundation2\Foundation2.csproj", "{ED625829-CAC5-440B-ADE9-DD1834F33874}"
EndProject
Project("{9A19103F-16F7-4668-BE54-9A1E7A4F7556}") = "Foundation3", "final\Foundation3\Foundation3.csproj", "{C30D1110-851D-42E7-98AF-9A5CA25DB14D}"
EndProject
Project("{9A19103F-16F7-4668-BE54-9A1E7A4F7556}") = "Foundation4", "final\Foundation4\Foundation4.csproj", "{6A615EE9-EB40-4301-BEEA-818EA5D104D3}"
EndProject
Project("{2150E333-8FDC-42A3-9474-1A3956D46DE8}") = "prepare", "prepare", "{ADDBB6BA-F7C4-41C0-85E3-85181EEA94A8}"
EndProject
Project("{9A19103F-16F7-4668-BE54-9A1E7A4F7556}") = "Learning02", "prepare\Learning02\Learning02.csproj", "{6DB4E910-1E2D-4CB6-A385-2502AE346FE0}"
EndProject
Project("{9A19103F-16F7-4668-BE54-9A1E7A4F7556}") = "Learning03", "prepare\Learning03\Learning03.csproj", "{E65BD6DF-2800-4035-8B0A-F8D625CC063B}"
EndProject
Project("{9A19103F-16F7-4668-BE54-9A1E7A4F7556}") = "Learning04", "prepare\Learning04\Learning04.csproj", "{6D4AD321-C5D1-44E4-81E7-15369AAF4269}"
EndProject
Project("{9A19103F-16F7-4668-BE54-9A1E7A4F7556}") = "Learning05", "prepare\Learning05\Learning05.csproj", "{9DC6A4F4-CA72-4C70-BE94-162BC05A627F}"
EndProject
Project("{2150E333-8FDC-42A3-9474-1A3956D46DE8}") = "prove", "prove", "{04C0D115-C436-4FF1-B00F-B167EF2B9ED9}"
EndProject
Project("{9A19103F-16F7-4668-BE54-9A1E7A4F7556}") = "Develop02", "prove\Develop02\Develop02.csproj", "{C84C08EA-B5B1-4512-9470-BF315F9B8BD3}"
EndProject
Project("{9A19103F-16F7-4668-BE54-9A1E7A4F7556}") = "Develop03", "prove\Develop03\Develop03.csproj", "{3644CC2C-DEC4-49AF-B8EE-EC7E2BDBFFBE}"
EndProject
Project("{9A19103F-16F7-4668-BE54-9A1E7A4F7556}") = "Develop04", "prove\Develop04\Develop04.csproj", "{5D7B981C-9DFE-41EE-9476-958EB1D5C16C}"
EndProject
Project("{9A19103F-16F7-4668-BE54-9A1E7A4F7556}") = "Develop05", "prove\Develop05\Develop05.csproj", "{EB81C46A-C755-428D-91F8-71EED51D485F}"
EndProject
Project("{2150E333-8FDC-42A3-9474-1A3956D46DE8}") = "sandbox", "sandbox", "{9FA6083B-4415-4493-B3C9-5F9AE0D081CB}"
EndProject
Project("{9A19103F-16F7-4668-BE54-9A1E7A4F7556}") = "Sandbox", "sandbox\Sandbox\Sandbox.csproj", "{C6BA6C7B-93B2-4535-8827-A50E54F8D2D3}"
EndProject
Global
	GlobalSection(SolutionConfigurationPlatforms) = preSolution
		Debug|Any CPU = Debug|Any CPU
		Release|Any CPU = Release|Any CPU
	EndGlobalSection
	GlobalSection(ProjectConfigurationPlatforms) = postSolution
		{12C288E4-C0D6-4A53-96A1-42AFB79DDDE4}.Debug|Any CPU.ActiveCfg = Debug|Any CPU
		{12C288E4-C0D6-4A53-96A1-42AFB79DDDE4}.Debug|Any CPU.Build.0 = Debug|Any CPU
		{12C288E4-C0D6-4A53-96A1-42AFB79DDDE4}.Release|Any CPU.ActiveCfg = Release|Any CPU
		{12C288E4-C0D6-4A53-96A1-42AFB79DDDE4}.Release|Any CPU.Build.0 = Release|Any CPU
		{6F97DBA1-43F9-4B76-B26A-D4D1B8AEFCF8}.Debug|Any CPU.ActiveCfg = Debug|Any CPU
		{6F97DBA1-43F9-4B76-B26A-D4D1B8AEFCF8}.Debug|Any CPU.Build.0 = Debug|Any CPU
		{6F97DBA1-43F9-4B76-B26A-D4D1B8AEFCF8}.Release|Any CPU.ActiveCfg = Release|Any CPU
		{6F97DBA1-43F9-4B76-B26A-D4D1B8AEFCF8}.Release|Any CPU.Build.0 = Release|Any CPU
		{0F0780F3-0FE1-42EC-9642-E3E01FBFC02E}.Debug|Any CPU.ActiveCfg = Debug|Any CPU
		{0F0780F3-0FE1-42EC-9642-E3E01FBFC02E}.Debug|Any CPU.Build.0 = Debug|Any CPU
		{0F0780F3-0FE1-42EC-9642-E3E01FBFC02E}.Release|Any CPU.ActiveCfg = Release|Any CPU
		{0F0780F3-0FE1-42EC-9642-E3E01FBFC02E}.Release|Any CPU.Build.0 = Release|Any CPU
		{60C1A6D3-389D-4A54-B304-9428BA400CDB}.Debug|Any CPU.ActiveCfg = Debug|Any CPU
		{60C1A6D3-389D-4A54-B304-9428BA400CDB}.Debug|Any CPU.Build.0 = Debug|Any CPU
		{60C1A6D3-389D-4A54-B304-9428BA400CDB}.Release|Any CPU.ActiveCfg = Release|Any CPU
		{60C1A6D3-389D-4A54-B304-9428BA400CDB}.Release|Any CPU.Build.0 = Release|Any CPU
		{A9981200-3B76-40FF-8ACF-1A670D558415}.Debug|Any CPU.ActiveCfg = Debug|Any CPU
		{A9981200-3B76-40FF-8ACF-1A670D558415}.Debug|Any CPU.Build.0 = Debug|Any CPU
		{A9981200-3B76-40FF-8ACF-1A670D558415}.Release|Any CPU.ActiveCfg = Release|Any CPU
		{A9981200-3B76-40FF-8ACF-1A670D558415}.Release|Any CPU.Build.0 = Release|Any CPU
		{1AD08736-B8D7-4D25-9613-CC697C4CB958}.Debug|Any CPU.ActiveCfg = Debug|Any CPU
		{1AD08736-B8D7-4D25-9613-CC697C4CB958}.Debug|Any CPU.Build.0 = Debug|Any CPU
		{1AD08736-B8D7-4D25-9613-CC697C4CB958}.Release|Any CPU.ActiveCfg = Release|Any CPU
		{1AD08736-B8D7-4D25-9613-CC697C4CB958}.Release|Any CPU.Build.0 = Release|Any CPU
		{490FFFBB-B51B-4CCC-BCD2-DA4CD170D76C}.Debug|Any CPU.ActiveCfg = Debug|Any CPU
		{490FFFBB-B51B-4CCC-BCD2-DA4CD170D76C}.Debug|Any CPU.Build.0 = Debug|Any CPU
		{490FFFBB-B51B-4CCC-BCD2-DA4CD170D76C}.Release|Any CPU.ActiveCfg = Release|Any CPU
		{490FFFBB-B51B-4CCC-BCD2-DA4CD170D76C}.Release|Any CPU.Build.0 = Release|Any CPU
		{ED625829-CAC5-440B-ADE9-DD1834F33874}.Debug|Any CPU.ActiveCfg = Debug|Any CPU
		{ED625829-CAC5-440B-ADE9-DD1834F33874}.Debug|Any CPU.Build.0 = Debug|Any CPU
		{ED625829-CAC5-440B-ADE9-DD1834F33874}.Release|Any CPU.ActiveCfg = Release|Any CPU
		{ED625829-CAC5-440B-ADE9-DD1834F33874}.Release|Any CPU.Build.0 = Release|Any CPU
		{C30D1110-851D-42E7-98AF-9A5CA25DB14D}.Debug|Any CPU.ActiveCfg = Debug|Any CPU
		{C30D1110-851D-42E7-98AF-9A5CA25DB14D}.Debug|Any CPU.Build.0 = Debug|Any CPU
		{C30D1110-851D-42E7-98AF-9A5CA25DB14D}.Release|Any CPU.ActiveCfg = Release|Any CPU
		{C30D1110-851D-42E7-98AF-9A5CA25DB14D}.Release|Any CPU.Build.0 = Release|Any CPU
		{6A615EE9-EB40-4301-BEEA-818EA5D104D3}.Debug|Any CPU.ActiveCfg = Debug|Any CPU
		{6A615EE9-EB40-4301-BEEA-818EA5D104D3}.Debug|Any CPU.Build.0 = Debug|Any CPU
		{6A615EE9-EB40-4301-BEEA-818EA5D104D3}.Release|Any CPU.ActiveCfg = Release|Any CPU
		{6A615EE9-EB40-4301-BEEA-818EA5D104D3}.Release|Any CPU.Build.0 = Release|Any CPU
		{6DB4E910-1E2D-4CB6-A385-2502AE346FE0}.Debug|Any CPU.ActiveCfg = Debug|Any CPU
		{6DB4E910-1E2D-4CB6-A385-2502AE346FE0}.Debug|Any CPU.Build.0 = Debug|Any CPU
		{6DB4E910-1E2D-4CB6-A385-2502AE346FE0}.Release|Any CPU.ActiveCfg = Release|Any CPU
		{6DB4E910-1E2D-4CB6-A385-2502AE346FE0}.Release|Any CPU.Build.0 = Release|Any CPU
		{E65BD6DF-2800-4035-8B0A-F8D625CC063B}.Debug|Any CPU.ActiveCfg = Debug|Any CPU
		{E65BD6DF-2800-4035-8B0A-F8D625CC063B}.Debug|Any CPU.Build.0 = Debug|Any CPU
		{E65BD6DF-2800-4035-8B0A-F8D625CC063B}.Release|Any CPU.ActiveCfg = Release|Any CPU
		{E65BD6DF-2800-4035-8B0A-F8D625CC063B}.Release|Any CPU.Build.0 = Release|Any CPU
		{6D4AD321-C5D1-44E4-81E7-15369AAF4269}.Debug|Any CPU.ActiveCfg = Debug|Any CPU
		{6D4AD321-C5D1-44E4-81E7-15369AAF4269}.Debug|Any CPU.Build.0 = Debug|Any CPU
		{6D4AD321-C5D1-44E4-81E7-15369AAF4269}.Release|Any CPU.ActiveCfg = Release|Any CPU
		{6D4AD321-C5D1-44E4-81E7-15369AAF4269}.Release|Any CPU.Build.0 = Release|Any CPU
		{9DC6A4F4-CA72-4C70-BE94-162BC05A627F}.Debug|Any CPU.ActiveCfg = Debug|Any CPU
		{9DC6A4F4-CA72-4C70-BE94-162BC05A627F}.Debug|Any CPU.Build.0 = Debug|Any CPU
		{9DC6A4F4-CA72-4C70-BE94-162BC05A627F}.Release|Any CPU.ActiveCfg = Release|Any CPU
		{9DC6A4F4-CA72-4C70-BE94-162BC05A627F}.Release|Any CPU.Build.0 = Release|Any CPU
		{C84C08EA-B5B1-4512-9470-BF315F9B8BD3}.Debug|Any CPU.ActiveCfg = Debug|Any CPU
		{C84C08EA-B5B1-4512-9470-BF315F9B8BD3}.Debug|Any CPU.Build.0 = Debug|Any CPU
		{C84C08EA-B5B1-4512-9470-BF315F9B8BD3}.Release|Any CPU.ActiveCfg = Release|Any CPU
		{C84C08EA-B5B1-4512-9470-BF315F9B8BD3}.Release|Any CPU.Build.0 = Release|Any CPU
		{3644CC2C-DEC4-49AF-B8EE-EC7E2BDBFFBE}.Debug|Any CPU.ActiveCfg = Debug|Any CPU
		{3644CC2C-DEC4-49AF-B8EE-EC7E2BDBFFBE}.Debug|Any CPU.Build.0 = Debug|Any CPU
		{3644CC2C-DEC4-49AF-B8EE-EC7E2BDBFFBE}.Release|Any CPU.ActiveCfg = Release|Any CPU
		{3644CC2C-DEC4-49AF-B8EE-EC7E2BDBFFBE}.Release|Any CPU.Build.0 = Release|Any CPU
		{5D7B981C-9DFE-41EE-9476-958EB1D5C16C}.Debug|Any CPU.ActiveCfg = Debug|Any CPU
		{5D7B981C-9DFE-41EE-9476-958EB1D5C16C}.Debug|Any CPU.Build.0 = Debug|Any CPU
		{5D7B981C-9DFE-41EE-9476-958EB1D5C16C}.Release|Any CPU.ActiveCfg = Release|Any CPU
		{5D7B981C-9DFE-41EE-9476-958EB1D5C16C}.Release|Any CPU.Build.0 = Release|Any CPU
		{EB81C46A-C755-428D-91F8-71EED51D485F}.Debug|Any CPU.ActiveCfg = Debug|Any CPU
		{EB81C46A-C755-428D-91F8-71EED51D485F}.Debug|Any CPU.Build.0 = Debug|Any CPU
		{EB81C46A-C755-428D-91F8-71EED51D485F}.Release|Any CPU.ActiveCfg = Release|Any CPU
		{EB81C46A-C755-428D-91F8-71EED51D485F}.Release|Any CPU.Build.0 = Release|Any CPU
		{C6BA6C7B-93B2-4535-8827-A50E54F8D2D3}.Debug|Any CPU.ActiveCfg = Debug|Any CPU
		{C6BA6C7B-93B2-4535-8827-A50E54F8D2D3}.Debug|Any CPU.Build.0 = Debug|Any CPU
		{C6BA6C7B-93B2-4535-8827-A50E54F8D2D3}.Release|Any CPU.ActiveCfg = Release|Any CPU
		{C6BA6C7B-93B2-4535-8827-A50E54F8D2D3}.Release|Any CPU.Build.0 = Release|Any CPU
	EndGlobalSection
	GlobalSection(SolutionProperties) = preSolution
		HideSolutionNode = FALSE
	EndGlobalSection
	GlobalSection(NestedProjects) = preSolution
		{12C288E4-C0D6-4A53-96A1-42AFB79DDDE4} = {24CBBFB6-0985-4819-82A8-3212BF5840C6}
		{6F97DBA1-43F9-4B76-B26A-D4D1B8AEFCF8} = {24CBBFB6-0985-4819-82A8-3212BF5840C6}
		{0F0780F3-0FE1-42EC-9642-E3E01FBFC02E} = {24CBBFB6-0985-4819-82A8-3212BF5840C6}
		{60C1A6D3-389D-4A54-B304-9428BA400CDB} = {24CBBFB6-0985-4819-82A8-3212BF5840C6}
		{A9981200-3B76-40FF-8ACF-1A670D558415} = {24CBBFB6-0985-4819-82A8-3212BF5840C6}
		{1AD08736-B8D7-4D25-9613-CC697C4CB958} = {6D32D61F-0747-43D1-9045-053365F4C54E}
		{490FFFBB-B51B-4CCC-BCD2-DA4CD170D76C} = {6D32D61F-0747-43D1-9045-053365F4C54E}
		{ED625829-CAC5-440B-ADE9-DD1834F33874} = {6D32D61F-0747-43D1-9045-053365F4C54E}
		{C30D1110-851D-42E7-98AF-9A5CA25DB14D} = {6D32D61F-0747-43D1-9045-053365F4C54E}
		{6A615EE9-EB40-4301-BEEA-818EA5D104D3} = {6D32D61F-0747-43D1-9045-053365F4C54E}
		{6DB4E910-1E2D-4CB6-A385-2502AE346FE0} = {ADDBB6BA-F7C4-41C0-85E3-85181EEA94A8}
		{E65BD6DF-2800-4035-8B0A-F8D625CC063B} = {ADDBB6BA-F7C4-41C0-85E3-85181EEA94A8}
		{6D4AD321-C5D1-44E4-81E7-15369AAF4269} = {ADDBB6BA-F7C4-41C0-85E3-85181EEA94A8}
		{9DC6A4F4-CA72-4C70-BE94-162BC05A627F} = {ADDBB6BA-F7C4-41C0-85E3-85181EEA94A8}
		{C84C08EA-B5B1-4512-9470-BF315F9B8BD3} = {04C0D115-C436-4FF1-B00F-B167EF2B9ED9}
		{3644CC2C-DEC4-49AF-B8EE-EC7E2BDBFFBE} = {04C0D115-C436-4FF1-B00F-B167EF2B9ED9}
		{5D7B981C-9DFE-41EE-9476-958EB1D5C16C} = {04C0D115-C436-4FF1-B00F-B167EF2B9ED9}
		{EB81C46A-C755-428D-91F8-71EED51D485F} = {04C0D115-C436-4FF1-B00F-B167EF2B9ED9}
		{C6BA6C7B-93B2-4535-8827-A50E54F8D2D3} = {9FA6083B-4415-4493-B3C9-5F9AE0D081CB}
	EndGlobalSection
	GlobalSection(ExtensibilityGlobals) = postSolution
		SolutionGuid = {49D0F58D-7EB1-451D-A968-F130CF173A54}
	EndGlobalSection
EndGlobal
